Microsoft Visual Studio Solution File, Format Version 12.00
# Visual Studio 15
VisualStudioVersion = 15.0.27130.2010
MinimumVisualStudioVersion = 10.0.40219.1
Project("{2150E333-8FDC-42A3-9474-1A3956D46DE8}") = "dnSpyFiles", "dnSpyFiles", "{BCDFE47C-A4D8-4F5C-BCED-4AEBDC711E34}"
	ProjectSection(SolutionItems) = preProject
		dnSpyFiles\dnSpy.c = dnSpyFiles\dnSpy.c
	EndProjectSection
EndProject
Project("{2150E333-8FDC-42A3-9474-1A3956D46DE8}") = "unity-2020.3.25-mbe", "unity-2020.3.25-mbe", "{43A331A7-BEFF-4C44-9E2B-122857835707}"
EndProject
Project("{8BC9CEB8-8B4A-11D0-8D11-00A0C91BC942}") = "build-init", "unity-2020.3.25-mbe\msvc\build-init.vcxproj", "{869F1D02-4985-44BC-B7BF-5B9AE0545039}"
EndProject
Project("{8BC9CEB8-8B4A-11D0-8D11-00A0C91BC942}") = "eglib", "unity-2020.3.25-mbe\msvc\eglib.vcxproj", "{84A24AE6-3756-4FA8-8159-A3B671BB06B2}"
EndProject
Project("{8BC9CEB8-8B4A-11D0-8D11-00A0C91BC942}") = "genmdesc", "unity-2020.3.25-mbe\msvc\genmdesc.vcxproj", "{033DB3FD-3E5D-48DD-8A66-3646DB9A11FC}"
EndProject
Project("{8BC9CEB8-8B4A-11D0-8D11-00A0C91BC942}") = "libgcbdwgc", "unity-2020.3.25-mbe\msvc\libgcbdwgc.vcxproj", "{43F2FC41-CF3A-422F-B79E-4DAEAE0439FF}"
EndProject
Project("{8BC9CEB8-8B4A-11D0-8D11-00A0C91BC942}") = "libmono-dynamic", "unity-2020.3.25-mbe\msvc\libmono-dynamic.vcxproj", "{581B286E-B7F9-4FE1-8D98-DDC54DCBF6FB}"
EndProject
Project("{2150E333-8FDC-42A3-9474-1A3956D46DE8}") = "unity-2020.3.7-mbe", "unity-2020.3.7-mbe", "{A9F001BD-E291-477C-AC83-445F68505E4C}"
EndProject
Project("{8BC9CEB8-8B4A-11D0-8D11-00A0C91BC942}") = "build-init", "unity-2020.3.7-mbe\msvc\build-init.vcxproj", "{77BA65A6-F98F-408E-A999-0A46CACC7EDC}"
EndProject
Project("{8BC9CEB8-8B4A-11D0-8D11-00A0C91BC942}") = "eglib", "unity-2020.3.7-mbe\msvc\eglib.vcxproj", "{F707C1FE-5E50-4889-A5E8-7F727A2F49D5}"
EndProject
Project("{8BC9CEB8-8B4A-11D0-8D11-00A0C91BC942}") = "genmdesc", "unity-2020.3.7-mbe\msvc\genmdesc.vcxproj", "{4BDD223D-B025-408E-A90E-42B91ACE0FD1}"
EndProject
Project("{8BC9CEB8-8B4A-11D0-8D11-00A0C91BC942}") = "libgcbdwgc", "unity-2020.3.7-mbe\msvc\libgcbdwgc.vcxproj", "{20BA6BAC-FBF7-4E15-B738-DEB0045F9C0E}"
EndProject
Project("{8BC9CEB8-8B4A-11D0-8D11-00A0C91BC942}") = "libmono-dynamic", "unity-2020.3.7-mbe\msvc\libmono-dynamic.vcxproj", "{850154CD-99E8-40CC-BDB2-943364097ED8}"
EndProject
Project("{2150E333-8FDC-42A3-9474-1A3956D46DE8}") = "unity-2020.3.40-mbe", "unity-2020.3.40-mbe", "{F6996901-8F0D-4D91-8027-0920276EAD15}"
EndProject
Project("{8BC9CEB8-8B4A-11D0-8D11-00A0C91BC942}") = "build-init", "unity-2020.3.40-mbe\msvc\build-init.vcxproj", "{63F83019-A413-496D-92F9-C0E1833A15E6}"
EndProject
Project("{8BC9CEB8-8B4A-11D0-8D11-00A0C91BC942}") = "eglib", "unity-2020.3.40-mbe\msvc\eglib.vcxproj", "{45656144-4C59-476C-97C9-34B18F68BE6A}"
EndProject
Project("{8BC9CEB8-8B4A-11D0-8D11-00A0C91BC942}") = "genmdesc", "unity-2020.3.40-mbe\msvc\genmdesc.vcxproj", "{62058D23-A4E0-41A7-A3DE-9F2A042CE395}"
EndProject
Project("{8BC9CEB8-8B4A-11D0-8D11-00A0C91BC942}") = "libgcbdwgc", "unity-2020.3.40-mbe\msvc\libgcbdwgc.vcxproj", "{208C02B0-FC93-4613-8C8D-15F6DA6D2778}"
EndProject
Project("{8BC9CEB8-8B4A-11D0-8D11-00A0C91BC942}") = "libmono-dynamic", "unity-2020.3.40-mbe\msvc\libmono-dynamic.vcxproj", "{B701D27A-A722-420C-A6F7-AEBCF658DA37}"
EndProject
Global
	GlobalSection(SolutionConfigurationPlatforms) = preSolution
		Debug|x64 = Debug|x64
		Debug|x86 = Debug|x86
		Release|x64 = Release|x64
		Release|x86 = Release|x86
	EndGlobalSection
	GlobalSection(ProjectConfigurationPlatforms) = postSolution
		{869F1D02-4985-44BC-B7BF-5B9AE0545039}.Debug|x64.ActiveCfg = Debug|x64
		{869F1D02-4985-44BC-B7BF-5B9AE0545039}.Debug|x64.Build.0 = Debug|x64
		{869F1D02-4985-44BC-B7BF-5B9AE0545039}.Debug|x86.ActiveCfg = Debug|Win32
		{869F1D02-4985-44BC-B7BF-5B9AE0545039}.Debug|x86.Build.0 = Debug|Win32
		{869F1D02-4985-44BC-B7BF-5B9AE0545039}.Release|x64.ActiveCfg = Release|x64
		{869F1D02-4985-44BC-B7BF-5B9AE0545039}.Release|x64.Build.0 = Release|x64
		{869F1D02-4985-44BC-B7BF-5B9AE0545039}.Release|x86.ActiveCfg = Release|Win32
		{869F1D02-4985-44BC-B7BF-5B9AE0545039}.Release|x86.Build.0 = Release|Win32
		{84A24AE6-3756-4FA8-8159-A3B671BB06B2}.Debug|x64.ActiveCfg = Debug|x64
		{84A24AE6-3756-4FA8-8159-A3B671BB06B2}.Debug|x64.Build.0 = Debug|x64
		{84A24AE6-3756-4FA8-8159-A3B671BB06B2}.Debug|x86.ActiveCfg = Debug|Win32
		{84A24AE6-3756-4FA8-8159-A3B671BB06B2}.Debug|x86.Build.0 = Debug|Win32
		{84A24AE6-3756-4FA8-8159-A3B671BB06B2}.Release|x64.ActiveCfg = Release|x64
		{84A24AE6-3756-4FA8-8159-A3B671BB06B2}.Release|x64.Build.0 = Release|x64
		{84A24AE6-3756-4FA8-8159-A3B671BB06B2}.Release|x86.ActiveCfg = Release|Win32
		{84A24AE6-3756-4FA8-8159-A3B671BB06B2}.Release|x86.Build.0 = Release|Win32
		{033DB3FD-3E5D-48DD-8A66-3646DB9A11FC}.Debug|x64.ActiveCfg = Debug|x64
		{033DB3FD-3E5D-48DD-8A66-3646DB9A11FC}.Debug|x64.Build.0 = Debug|x64
		{033DB3FD-3E5D-48DD-8A66-3646DB9A11FC}.Debug|x86.ActiveCfg = Debug|Win32
		{033DB3FD-3E5D-48DD-8A66-3646DB9A11FC}.Debug|x86.Build.0 = Debug|Win32
		{033DB3FD-3E5D-48DD-8A66-3646DB9A11FC}.Release|x64.ActiveCfg = Release|x64
		{033DB3FD-3E5D-48DD-8A66-3646DB9A11FC}.Release|x64.Build.0 = Release|x64
		{033DB3FD-3E5D-48DD-8A66-3646DB9A11FC}.Release|x86.ActiveCfg = Release|Win32
		{033DB3FD-3E5D-48DD-8A66-3646DB9A11FC}.Release|x86.Build.0 = Release|Win32
		{43F2FC41-CF3A-422F-B79E-4DAEAE0439FF}.Debug|x64.ActiveCfg = Debug|x64
		{43F2FC41-CF3A-422F-B79E-4DAEAE0439FF}.Debug|x64.Build.0 = Debug|x64
		{43F2FC41-CF3A-422F-B79E-4DAEAE0439FF}.Debug|x86.ActiveCfg = Debug|Win32
		{43F2FC41-CF3A-422F-B79E-4DAEAE0439FF}.Debug|x86.Build.0 = Debug|Win32
		{43F2FC41-CF3A-422F-B79E-4DAEAE0439FF}.Release|x64.ActiveCfg = Release|x64
		{43F2FC41-CF3A-422F-B79E-4DAEAE0439FF}.Release|x64.Build.0 = Release|x64
		{43F2FC41-CF3A-422F-B79E-4DAEAE0439FF}.Release|x86.ActiveCfg = Release|Win32
		{43F2FC41-CF3A-422F-B79E-4DAEAE0439FF}.Release|x86.Build.0 = Release|Win32
		{581B286E-B7F9-4FE1-8D98-DDC54DCBF6FB}.Debug|x64.ActiveCfg = Debug|x64
		{581B286E-B7F9-4FE1-8D98-DDC54DCBF6FB}.Debug|x64.Build.0 = Debug|x64
		{581B286E-B7F9-4FE1-8D98-DDC54DCBF6FB}.Debug|x86.ActiveCfg = Debug|Win32
		{581B286E-B7F9-4FE1-8D98-DDC54DCBF6FB}.Debug|x86.Build.0 = Debug|Win32
		{581B286E-B7F9-4FE1-8D98-DDC54DCBF6FB}.Release|x64.ActiveCfg = Release|x64
		{581B286E-B7F9-4FE1-8D98-DDC54DCBF6FB}.Release|x64.Build.0 = Release|x64
		{581B286E-B7F9-4FE1-8D98-DDC54DCBF6FB}.Release|x86.ActiveCfg = Release|Win32
		{581B286E-B7F9-4FE1-8D98-DDC54DCBF6FB}.Release|x86.Build.0 = Release|Win32
		{77BA65A6-F98F-408E-A999-0A46CACC7EDC}.Debug|x64.ActiveCfg = Debug|x64
		{77BA65A6-F98F-408E-A999-0A46CACC7EDC}.Debug|x64.Build.0 = Debug|x64
		{77BA65A6-F98F-408E-A999-0A46CACC7EDC}.Debug|x86.ActiveCfg = Debug|Win32
		{77BA65A6-F98F-408E-A999-0A46CACC7EDC}.Debug|x86.Build.0 = Debug|Win32
		{77BA65A6-F98F-408E-A999-0A46CACC7EDC}.Release|x64.ActiveCfg = Release|x64
		{77BA65A6-F98F-408E-A999-0A46CACC7EDC}.Release|x64.Build.0 = Release|x64
		{77BA65A6-F98F-408E-A999-0A46CACC7EDC}.Release|x86.ActiveCfg = Release|Win32
		{77BA65A6-F98F-408E-A999-0A46CACC7EDC}.Release|x86.Build.0 = Release|Win32
		{F707C1FE-5E50-4889-A5E8-7F727A2F49D5}.Debug|x64.ActiveCfg = Debug|x64
		{F707C1FE-5E50-4889-A5E8-7F727A2F49D5}.Debug|x64.Build.0 = Debug|x64
		{F707C1FE-5E50-4889-A5E8-7F727A2F49D5}.Debug|x86.ActiveCfg = Debug|Win32
		{F707C1FE-5E50-4889-A5E8-7F727A2F49D5}.Debug|x86.Build.0 = Debug|Win32
		{F707C1FE-5E50-4889-A5E8-7F727A2F49D5}.Release|x64.ActiveCfg = Release|x64
		{F707C1FE-5E50-4889-A5E8-7F727A2F49D5}.Release|x64.Build.0 = Release|x64
		{F707C1FE-5E50-4889-A5E8-7F727A2F49D5}.Release|x86.ActiveCfg = Release|Win32
		{F707C1FE-5E50-4889-A5E8-7F727A2F49D5}.Release|x86.Build.0 = Release|Win32
		{4BDD223D-B025-408E-A90E-42B91ACE0FD1}.Debug|x64.ActiveCfg = Debug|x64
		{4BDD223D-B025-408E-A90E-42B91ACE0FD1}.Debug|x64.Build.0 = Debug|x64
		{4BDD223D-B025-408E-A90E-42B91ACE0FD1}.Debug|x86.ActiveCfg = Debug|Win32
		{4BDD223D-B025-408E-A90E-42B91ACE0FD1}.Debug|x86.Build.0 = Debug|Win32
		{4BDD223D-B025-408E-A90E-42B91ACE0FD1}.Release|x64.ActiveCfg = Release|x64
		{4BDD223D-B025-408E-A90E-42B91ACE0FD1}.Release|x64.Build.0 = Release|x64
		{4BDD223D-B025-408E-A90E-42B91ACE0FD1}.Release|x86.ActiveCfg = Release|Win32
		{4BDD223D-B025-408E-A90E-42B91ACE0FD1}.Release|x86.Build.0 = Release|Win32
		{20BA6BAC-FBF7-4E15-B738-DEB0045F9C0E}.Debug|x64.ActiveCfg = Debug|x64
		{20BA6BAC-FBF7-4E15-B738-DEB0045F9C0E}.Debug|x64.Build.0 = Debug|x64
		{20BA6BAC-FBF7-4E15-B738-DEB0045F9C0E}.Debug|x86.ActiveCfg = Debug|Win32
		{20BA6BAC-FBF7-4E15-B738-DEB0045F9C0E}.Debug|x86.Build.0 = Debug|Win32
		{20BA6BAC-FBF7-4E15-B738-DEB0045F9C0E}.Release|x64.ActiveCfg = Release|x64
		{20BA6BAC-FBF7-4E15-B738-DEB0045F9C0E}.Release|x64.Build.0 = Release|x64
		{20BA6BAC-FBF7-4E15-B738-DEB0045F9C0E}.Release|x86.ActiveCfg = Release|Win32
		{20BA6BAC-FBF7-4E15-B738-DEB0045F9C0E}.Release|x86.Build.0 = Release|Win32
		{850154CD-99E8-40CC-BDB2-943364097ED8}.Debug|x64.ActiveCfg = Debug|x64
		{850154CD-99E8-40CC-BDB2-943364097ED8}.Debug|x64.Build.0 = Debug|x64
		{850154CD-99E8-40CC-BDB2-943364097ED8}.Debug|x86.ActiveCfg = Debug|Win32
		{850154CD-99E8-40CC-BDB2-943364097ED8}.Debug|x86.Build.0 = Debug|Win32
		{850154CD-99E8-40CC-BDB2-943364097ED8}.Release|x64.ActiveCfg = Release|x64
		{850154CD-99E8-40CC-BDB2-943364097ED8}.Release|x64.Build.0 = Release|x64
		{850154CD-99E8-40CC-BDB2-943364097ED8}.Release|x86.ActiveCfg = Release|Win32
		{850154CD-99E8-40CC-BDB2-943364097ED8}.Release|x86.Build.0 = Release|Win32
		{63F83019-A413-496D-92F9-C0E1833A15E6}.Debug|x64.ActiveCfg = Debug|x64
		{63F83019-A413-496D-92F9-C0E1833A15E6}.Debug|x64.Build.0 = Debug|x64
		{63F83019-A413-496D-92F9-C0E1833A15E6}.Debug|x86.ActiveCfg = Debug|Win32
		{63F83019-A413-496D-92F9-C0E1833A15E6}.Debug|x86.Build.0 = Debug|Win32
		{63F83019-A413-496D-92F9-C0E1833A15E6}.Release|x64.ActiveCfg = Release|x64
		{63F83019-A413-496D-92F9-C0E1833A15E6}.Release|x64.Build.0 = Release|x64
		{63F83019-A413-496D-92F9-C0E1833A15E6}.Release|x86.ActiveCfg = Release|Win32
		{63F83019-A413-496D-92F9-C0E1833A15E6}.Release|x86.Build.0 = Release|Win32
		{45656144-4C59-476C-97C9-34B18F68BE6A}.Debug|x64.ActiveCfg = Debug|x64
		{45656144-4C59-476C-97C9-34B18F68BE6A}.Debug|x64.Build.0 = Debug|x64
		{45656144-4C59-476C-97C9-34B18F68BE6A}.Debug|x86.ActiveCfg = Debug|Win32
		{45656144-4C59-476C-97C9-34B18F68BE6A}.Debug|x86.Build.0 = Debug|Win32
		{45656144-4C59-476C-97C9-34B18F68BE6A}.Release|x64.ActiveCfg = Release|x64
		{45656144-4C59-476C-97C9-34B18F68BE6A}.Release|x64.Build.0 = Release|x64
		{45656144-4C59-476C-97C9-34B18F68BE6A}.Release|x86.ActiveCfg = Release|Win32
		{45656144-4C59-476C-97C9-34B18F68BE6A}.Release|x86.Build.0 = Release|Win32
		{62058D23-A4E0-41A7-A3DE-9F2A042CE395}.Debug|x64.ActiveCfg = Debug|x64
		{62058D23-A4E0-41A7-A3DE-9F2A042CE395}.Debug|x64.Build.0 = Debug|x64
		{62058D23-A4E0-41A7-A3DE-9F2A042CE395}.Debug|x86.ActiveCfg = Debug|Win32
		{62058D23-A4E0-41A7-A3DE-9F2A042CE395}.Debug|x86.Build.0 = Debug|Win32
		{62058D23-A4E0-41A7-A3DE-9F2A042CE395}.Release|x64.ActiveCfg = Release|x64
		{62058D23-A4E0-41A7-A3DE-9F2A042CE395}.Release|x64.Build.0 = Release|x64
		{62058D23-A4E0-41A7-A3DE-9F2A042CE395}.Release|x86.ActiveCfg = Release|Win32
		{62058D23-A4E0-41A7-A3DE-9F2A042CE395}.Release|x86.Build.0 = Release|Win32
		{208C02B0-FC93-4613-8C8D-15F6DA6D2778}.Debug|x64.ActiveCfg = Debug|x64
		{208C02B0-FC93-4613-8C8D-15F6DA6D2778}.Debug|x64.Build.0 = Debug|x64
		{208C02B0-FC93-4613-8C8D-15F6DA6D2778}.Debug|x86.ActiveCfg = Debug|Win32
		{208C02B0-FC93-4613-8C8D-15F6DA6D2778}.Debug|x86.Build.0 = Debug|Win32
		{208C02B0-FC93-4613-8C8D-15F6DA6D2778}.Release|x64.ActiveCfg = Release|x64
		{208C02B0-FC93-4613-8C8D-15F6DA6D2778}.Release|x64.Build.0 = Release|x64
		{208C02B0-FC93-4613-8C8D-15F6DA6D2778}.Release|x86.ActiveCfg = Release|Win32
		{208C02B0-FC93-4613-8C8D-15F6DA6D2778}.Release|x86.Build.0 = Release|Win32
		{B701D27A-A722-420C-A6F7-AEBCF658DA37}.Debug|x64.ActiveCfg = Debug|x64
		{B701D27A-A722-420C-A6F7-AEBCF658DA37}.Debug|x64.Build.0 = Debug|x64
		{B701D27A-A722-420C-A6F7-AEBCF658DA37}.Debug|x86.ActiveCfg = Debug|Win32
		{B701D27A-A722-420C-A6F7-AEBCF658DA37}.Debug|x86.Build.0 = Debug|Win32
		{B701D27A-A722-420C-A6F7-AEBCF658DA37}.Release|x64.ActiveCfg = Release|x64
		{B701D27A-A722-420C-A6F7-AEBCF658DA37}.Release|x64.Build.0 = Release|x64
		{B701D27A-A722-420C-A6F7-AEBCF658DA37}.Release|x86.ActiveCfg = Release|Win32
		{B701D27A-A722-420C-A6F7-AEBCF658DA37}.Release|x86.Build.0 = Release|Win32
	EndGlobalSection
	GlobalSection(SolutionProperties) = preSolution
		HideSolutionNode = FALSE
	EndGlobalSection
	GlobalSection(NestedProjects) = preSolution
		{869F1D02-4985-44BC-B7BF-5B9AE0545039} = {43A331A7-BEFF-4C44-9E2B-122857835707}
		{84A24AE6-3756-4FA8-8159-A3B671BB06B2} = {43A331A7-BEFF-4C44-9E2B-122857835707}
		{033DB3FD-3E5D-48DD-8A66-3646DB9A11FC} = {43A331A7-BEFF-4C44-9E2B-122857835707}
		{43F2FC41-CF3A-422F-B79E-4DAEAE0439FF} = {43A331A7-BEFF-4C44-9E2B-122857835707}
		{581B286E-B7F9-4FE1-8D98-DDC54DCBF6FB} = {43A331A7-BEFF-4C44-9E2B-122857835707}
		{77BA65A6-F98F-408E-A999-0A46CACC7EDC} = {A9F001BD-E291-477C-AC83-445F68505E4C}
		{F707C1FE-5E50-4889-A5E8-7F727A2F49D5} = {A9F001BD-E291-477C-AC83-445F68505E4C}
		{4BDD223D-B025-408E-A90E-42B91ACE0FD1} = {A9F001BD-E291-477C-AC83-445F68505E4C}
		{20BA6BAC-FBF7-4E15-B738-DEB0045F9C0E} = {A9F001BD-E291-477C-AC83-445F68505E4C}
		{850154CD-99E8-40CC-BDB2-943364097ED8} = {A9F001BD-E291-477C-AC83-445F68505E4C}
		{63F83019-A413-496D-92F9-C0E1833A15E6} = {F6996901-8F0D-4D91-8027-0920276EAD15}
		{45656144-4C59-476C-97C9-34B18F68BE6A} = {F6996901-8F0D-4D91-8027-0920276EAD15}
		{62058D23-A4E0-41A7-A3DE-9F2A042CE395} = {F6996901-8F0D-4D91-8027-0920276EAD15}
		{208C02B0-FC93-4613-8C8D-15F6DA6D2778} = {F6996901-8F0D-4D91-8027-0920276EAD15}
		{B701D27A-A722-420C-A6F7-AEBCF658DA37} = {F6996901-8F0D-4D91-8027-0920276EAD15}
	EndGlobalSection
	GlobalSection(ExtensibilityGlobals) = postSolution
		SolutionGuid = {B5F19488-DECA-4627-9B72-E1C2F0D5F34F}
	EndGlobalSection
EndGlobal